
Microsoft Visual Studio Solution File, Format Version 12.00
# Visual Studio 14
VisualStudioVersion = 14.0.25420.1
MinimumVisualStudioVersion = 10.0.40219.1
Project("{2150E333-8FDC-42A3-9474-1A3956D46DE8}") = "Engine", "Engine", "{DF08689B-0F0B-49EA-8FF3-97C78C94BD91}"
EndProject
Project("{2150E333-8FDC-42A3-9474-1A3956D46DE8}") = "Games", "Games", "{F6F0B7A5-6BAB-433E-842E-CE1B149251F4}"
EndProject
Project("{8BC9CEB8-8B4A-11D0-8D11-00A0C91BC942}") = "UE4", "Intermediate\ProjectFiles\UE4.vcxproj", "{ED81F64D-0F19-48AD-B2FB-EB1EE6DFA162}"
EndProject
Project("{8BC9CEB8-8B4A-11D0-8D11-00A0C91BC942}") = "BuildingEsacpe", "Intermediate\ProjectFiles\BuildingEsacpe.vcxproj", "{98B908D3-417E-4317-84E6-5FEF4F5C35ED}"
EndProject
Global
	GlobalSection(SolutionConfigurationPlatforms) = preSolution
		DebugGame Editor|HTML5 = DebugGame Editor|HTML5
		DebugGame Editor|IOS = DebugGame Editor|IOS
		DebugGame Editor|Win32 = DebugGame Editor|Win32
		DebugGame Editor|Win64 = DebugGame Editor|Win64
		DebugGame|HTML5 = DebugGame|HTML5
		DebugGame|IOS = DebugGame|IOS
		DebugGame|Win32 = DebugGame|Win32
		DebugGame|Win64 = DebugGame|Win64
		Development Editor|HTML5 = Development Editor|HTML5
		Development Editor|IOS = Development Editor|IOS
		Development Editor|Win32 = Development Editor|Win32
		Development Editor|Win64 = Development Editor|Win64
		Development|HTML5 = Development|HTML5
		Development|IOS = Development|IOS
		Development|Win32 = Development|Win32
		Development|Win64 = Development|Win64
		Shipping|HTML5 = Shipping|HTML5
		Shipping|IOS = Shipping|IOS
		Shipping|Win32 = Shipping|Win32
		Shipping|Win64 = Shipping|Win64
	EndGlobalSection
	GlobalSection(ProjectConfigurationPlatforms) = postSolution
		{ED81F64D-0F19-48AD-B2FB-EB1EE6DFA162}.DebugGame Editor|HTML5.ActiveCfg = BuiltWithUnrealBuildTool|Win32
		{ED81F64D-0F19-48AD-B2FB-EB1EE6DFA162}.DebugGame Editor|HTML5.Build.0 = BuiltWithUnrealBuildTool|Win32
		{ED81F64D-0F19-48AD-B2FB-EB1EE6DFA162}.DebugGame Editor|IOS.ActiveCfg = BuiltWithUnrealBuildTool|Win32
		{ED81F64D-0F19-48AD-B2FB-EB1EE6DFA162}.DebugGame Editor|IOS.Build.0 = BuiltWithUnrealBuildTool|Win32
		{ED81F64D-0F19-48AD-B2FB-EB1EE6DFA162}.DebugGame Editor|Win32.ActiveCfg = BuiltWithUnrealBuildTool|Win32
		{ED81F64D-0F19-48AD-B2FB-EB1EE6DFA162}.DebugGame Editor|Win32.Build.0 = BuiltWithUnrealBuildTool|Win32
		{ED81F64D-0F19-48AD-B2FB-EB1EE6DFA162}.DebugGame Editor|Win64.ActiveCfg = BuiltWithUnrealBuildTool|Win32
		{ED81F64D-0F19-48AD-B2FB-EB1EE6DFA162}.DebugGame Editor|Win64.Build.0 = BuiltWithUnrealBuildTool|Win32
		{ED81F64D-0F19-48AD-B2FB-EB1EE6DFA162}.DebugGame|HTML5.ActiveCfg = BuiltWithUnrealBuildTool|Win32
		{ED81F64D-0F19-48AD-B2FB-EB1EE6DFA162}.DebugGame|HTML5.Build.0 = BuiltWithUnrealBuildTool|Win32
		{ED81F64D-0F19-48AD-B2FB-EB1EE6DFA162}.DebugGame|IOS.ActiveCfg = BuiltWithUnrealBuildTool|Win32
		{ED81F64D-0F19-48AD-B2FB-EB1EE6DFA162}.DebugGame|IOS.Build.0 = BuiltWithUnrealBuildTool|Win32
		{ED81F64D-0F19-48AD-B2FB-EB1EE6DFA162}.DebugGame|Win32.ActiveCfg = BuiltWithUnrealBuildTool|Win32
		{ED81F64D-0F19-48AD-B2FB-EB1EE6DFA162}.DebugGame|Win32.Build.0 = BuiltWithUnrealBuildTool|Win32
		{ED81F64D-0F19-48AD-B2FB-EB1EE6DFA162}.DebugGame|Win64.ActiveCfg = BuiltWithUnrealBuildTool|Win32
		{ED81F64D-0F19-48AD-B2FB-EB1EE6DFA162}.DebugGame|Win64.Build.0 = BuiltWithUnrealBuildTool|Win32
		{ED81F64D-0F19-48AD-B2FB-EB1EE6DFA162}.Development Editor|HTML5.ActiveCfg = BuiltWithUnrealBuildTool|Win32
		{ED81F64D-0F19-48AD-B2FB-EB1EE6DFA162}.Development Editor|HTML5.Build.0 = BuiltWithUnrealBuildTool|Win32
		{ED81F64D-0F19-48AD-B2FB-EB1EE6DFA162}.Development Editor|IOS.ActiveCfg = BuiltWithUnrealBuildTool|Win32
		{ED81F64D-0F19-48AD-B2FB-EB1EE6DFA162}.Development Editor|IOS.Build.0 = BuiltWithUnrealBuildTool|Win32
		{ED81F64D-0F19-48AD-B2FB-EB1EE6DFA162}.Development Editor|Win32.ActiveCfg = BuiltWithUnrealBuildTool|Win32
		{ED81F64D-0F19-48AD-B2FB-EB1EE6DFA162}.Development Editor|Win32.Build.0 = BuiltWithUnrealBuildTool|Win32
		{ED81F64D-0F19-48AD-B2FB-EB1EE6DFA162}.Development Editor|Win64.ActiveCfg = BuiltWithUnrealBuildTool|Win32
		{ED81F64D-0F19-48AD-B2FB-EB1EE6DFA162}.Development Editor|Win64.Build.0 = BuiltWithUnrealBuildTool|Win32
		{ED81F64D-0F19-48AD-B2FB-EB1EE6DFA162}.Development|HTML5.ActiveCfg = BuiltWithUnrealBuildTool|Win32
		{ED81F64D-0F19-48AD-B2FB-EB1EE6DFA162}.Development|HTML5.Build.0 = BuiltWithUnrealBuildTool|Win32
		{ED81F64D-0F19-48AD-B2FB-EB1EE6DFA162}.Development|IOS.ActiveCfg = BuiltWithUnrealBuildTool|Win32
		{ED81F64D-0F19-48AD-B2FB-EB1EE6DFA162}.Development|IOS.Build.0 = BuiltWithUnrealBuildTool|Win32
		{ED81F64D-0F19-48AD-B2FB-EB1EE6DFA162}.Development|Win32.ActiveCfg = BuiltWithUnrealBuildTool|Win32
		{ED81F64D-0F19-48AD-B2FB-EB1EE6DFA162}.Development|Win32.Build.0 = BuiltWithUnrealBuildTool|Win32
		{ED81F64D-0F19-48AD-B2FB-EB1EE6DFA162}.Development|Win64.ActiveCfg = BuiltWithUnrealBuildTool|Win32
		{ED81F64D-0F19-48AD-B2FB-EB1EE6DFA162}.Development|Win64.Build.0 = BuiltWithUnrealBuildTool|Win32
		{ED81F64D-0F19-48AD-B2FB-EB1EE6DFA162}.Shipping|HTML5.ActiveCfg = BuiltWithUnrealBuildTool|Win32
		{ED81F64D-0F19-48AD-B2FB-EB1EE6DFA162}.Shipping|HTML5.Build.0 = BuiltWithUnrealBuildTool|Win32
		{ED81F64D-0F19-48AD-B2FB-EB1EE6DFA162}.Shipping|IOS.ActiveCfg = BuiltWithUnrealBuildTool|Win32
		{ED81F64D-0F19-48AD-B2FB-EB1EE6DFA162}.Shipping|IOS.Build.0 = BuiltWithUnrealBuildTool|Win32
		{ED81F64D-0F19-48AD-B2FB-EB1EE6DFA162}.Shipping|Win32.ActiveCfg = BuiltWithUnrealBuildTool|Win32
		{ED81F64D-0F19-48AD-B2FB-EB1EE6DFA162}.Shipping|Win32.Build.0 = BuiltWithUnrealBuildTool|Win32
		{ED81F64D-0F19-48AD-B2FB-EB1EE6DFA162}.Shipping|Win64.ActiveCfg = BuiltWithUnrealBuildTool|Win32
		{ED81F64D-0F19-48AD-B2FB-EB1EE6DFA162}.Shipping|Win64.Build.0 = BuiltWithUnrealBuildTool|Win32
		{98B908D3-417E-4317-84E6-5FEF4F5C35ED}.DebugGame Editor|HTML5.ActiveCfg = HTML5_DebugGame_Editor|Win32
		{98B908D3-417E-4317-84E6-5FEF4F5C35ED}.DebugGame Editor|IOS.ActiveCfg = IOS_DebugGame_Editor|Win32
		{98B908D3-417E-4317-84E6-5FEF4F5C35ED}.DebugGame Editor|Win32.ActiveCfg = DebugGame_Editor|Win32
		{98B908D3-417E-4317-84E6-5FEF4F5C35ED}.DebugGame Editor|Win64.ActiveCfg = DebugGame_Editor|x64
		{98B908D3-417E-4317-84E6-5FEF4F5C35ED}.DebugGame Editor|Win64.Build.0 = DebugGame_Editor|x64
		{98B908D3-417E-4317-84E6-5FEF4F5C35ED}.DebugGame|HTML5.ActiveCfg = HTML5_DebugGame_Game|Win32
		{98B908D3-417E-4317-84E6-5FEF4F5C35ED}.DebugGame|HTML5.Build.0 = HTML5_DebugGame_Game|Win32
		{98B908D3-417E-4317-84E6-5FEF4F5C35ED}.DebugGame|IOS.ActiveCfg = IOS_DebugGame_Game|Win32
		{98B908D3-417E-4317-84E6-5FEF4F5C35ED}.DebugGame|IOS.Build.0 = IOS_DebugGame_Game|Win32
		{98B908D3-417E-4317-84E6-5FEF4F5C35ED}.DebugGame|Win32.ActiveCfg = DebugGame_Game|Win32
		{98B908D3-417E-4317-84E6-5FEF4F5C35ED}.DebugGame|Win32.Build.0 = DebugGame_Game|Win32
		{98B908D3-417E-4317-84E6-5FEF4F5C35ED}.DebugGame|Win64.ActiveCfg = DebugGame_Game|x64
		{98B908D3-417E-4317-84E6-5FEF4F5C35ED}.DebugGame|Win64.Build.0 = DebugGame_Game|x64
		{98B908D3-417E-4317-84E6-5FEF4F5C35ED}.Development Editor|HTML5.ActiveCfg = HTML5_Development_Editor|Win32
		{98B908D3-417E-4317-84E6-5FEF4F5C35ED}.Development Editor|IOS.ActiveCfg = IOS_Development_Editor|Win32
		{98B908D3-417E-4317-84E6-5FEF4F5C35ED}.Development Editor|Win32.ActiveCfg = Development_Editor|Win32
		{98B908D3-417E-4317-84E6-5FEF4F5C35ED}.Development Editor|Win64.ActiveCfg = Development_Editor|x64
		{98B908D3-417E-4317-84E6-5FEF4F5C35ED}.Development Editor|Win64.Build.0 = Development_Editor|x64
		{98B908D3-417E-4317-84E6-5FEF4F5C35ED}.Development|HTML5.ActiveCfg = HTML5_Development_Game|Win32
		{98B908D3-417E-4317-84E6-5FEF4F5C35ED}.Development|HTML5.Build.0 = HTML5_Development_Game|Win32
		{98B908D3-417E-4317-84E6-5FEF4F5C35ED}.Development|IOS.ActiveCfg = IOS_Development_Game|Win32
		{98B908D3-417E-4317-84E6-5FEF4F5C35ED}.Development|IOS.Build.0 = IOS_Development_Game|Win32
		{98B908D3-417E-4317-84E6-5FEF4F5C35ED}.Development|Win32.ActiveCfg = Development_Game|Win32
		{98B908D3-417E-4317-84E6-5FEF4F5C35ED}.Development|Win32.Build.0 = Development_Game|Win32
		{98B908D3-417E-4317-84E6-5FEF4F5C35ED}.Development|Win64.ActiveCfg = Development_Game|x64
		{98B908D3-417E-4317-84E6-5FEF4F5C35ED}.Development|Win64.Build.0 = Development_Game|x64
		{98B908D3-417E-4317-84E6-5FEF4F5C35ED}.Shipping|HTML5.ActiveCfg = HTML5_Shipping_Game|Win32
		{98B908D3-417E-4317-84E6-5FEF4F5C35ED}.Shipping|HTML5.Build.0 = HTML5_Shipping_Game|Win32
		{98B908D3-417E-4317-84E6-5FEF4F5C35ED}.Shipping|IOS.ActiveCfg = IOS_Shipping_Game|Win32
		{98B908D3-417E-4317-84E6-5FEF4F5C35ED}.Shipping|IOS.Build.0 = IOS_Shipping_Game|Win32
		{98B908D3-417E-4317-84E6-5FEF4F5C35ED}.Shipping|Win32.ActiveCfg = Shipping_Game|Win32
		{98B908D3-417E-4317-84E6-5FEF4F5C35ED}.Shipping|Win32.Build.0 = Shipping_Game|Win32
		{98B908D3-417E-4317-84E6-5FEF4F5C35ED}.Shipping|Win64.ActiveCfg = Shipping_Game|x64
		{98B908D3-417E-4317-84E6-5FEF4F5C35ED}.Shipping|Win64.Build.0 = Shipping_Game|x64
	EndGlobalSection
	GlobalSection(SolutionProperties) = preSolution
		HideSolutionNode = FALSE
	EndGlobalSection
	GlobalSection(NestedProjects) = preSolution
		{ED81F64D-0F19-48AD-B2FB-EB1EE6DFA162} = {DF08689B-0F0B-49EA-8FF3-97C78C94BD91}
		{98B908D3-417E-4317-84E6-5FEF4F5C35ED} = {F6F0B7A5-6BAB-433E-842E-CE1B149251F4}
	EndGlobalSection
EndGlobal
